
Microsoft Visual Studio Solution File, Format Version 12.00
# Visual Studio Version 17
VisualStudioVersion = 17.1.32328.378
MinimumVisualStudioVersion = 10.0.40219.1
Project("{FAE04EC0-301F-11D3-BF4B-00C04F79EFBC}") = "B59", "B59\B59.csproj", "{113EE51D-7EF5-4F97-8318-AC41019AFC84}"
EndProject
Global
	GlobalSection(SolutionConfigurationPlatforms) = preSolution
		Debug|Any CPU = Debug|Any CPU
		Release|Any CPU = Release|Any CPU
	EndGlobalSection
	GlobalSection(ProjectConfigurationPlatforms) = postSolution
		{113EE51D-7EF5-4F97-8318-AC41019AFC84}.Debug|Any CPU.ActiveCfg = Debug|Any CPU
		{113EE51D-7EF5-4F97-8318-AC41019AFC84}.Debug|Any CPU.Build.0 = Debug|Any CPU
		{113EE51D-7EF5-4F97-8318-AC41019AFC84}.Release|Any CPU.ActiveCfg = Release|Any CPU
		{113EE51D-7EF5-4F97-8318-AC41019AFC84}.Release|Any CPU.Build.0 = Release|Any CPU
	EndGlobalSection
	GlobalSection(SolutionProperties) = preSolution
		HideSolutionNode = FALSE
	EndGlobalSection
	GlobalSection(ExtensibilityGlobals) = postSolution
		SolutionGuid = {D227631A-A410-4504-885E-7F7C19E37423}
	EndGlobalSection
EndGlobal
