
Microsoft Visual Studio Solution File, Format Version 12.00
# Visual Studio Version 17
VisualStudioVersion = 17.1.32328.378
MinimumVisualStudioVersion = 10.0.40219.1
Project("{FAE04EC0-301F-11D3-BF4B-00C04F79EFBC}") = "QLyDanCu", "QLyDanCu\QLyDanCu.csproj", "{5AC9DF43-82BC-47C7-B688-04426FC055AF}"
EndProject
Global
	GlobalSection(SolutionConfigurationPlatforms) = preSolution
		Debug|Any CPU = Debug|Any CPU
		Release|Any CPU = Release|Any CPU
	EndGlobalSection
	GlobalSection(ProjectConfigurationPlatforms) = postSolution
		{5AC9DF43-82BC-47C7-B688-04426FC055AF}.Debug|Any CPU.ActiveCfg = Debug|Any CPU
		{5AC9DF43-82BC-47C7-B688-04426FC055AF}.Debug|Any CPU.Build.0 = Debug|Any CPU
		{5AC9DF43-82BC-47C7-B688-04426FC055AF}.Release|Any CPU.ActiveCfg = Release|Any CPU
		{5AC9DF43-82BC-47C7-B688-04426FC055AF}.Release|Any CPU.Build.0 = Release|Any CPU
	EndGlobalSection
	GlobalSection(SolutionProperties) = preSolution
		HideSolutionNode = FALSE
	EndGlobalSection
	GlobalSection(ExtensibilityGlobals) = postSolution
		SolutionGuid = {D0F34A8B-B417-44FD-8BE9-C954D207379C}
	EndGlobalSection
EndGlobal
