
Microsoft Visual Studio Solution File, Format Version 12.00
# Visual Studio Version 17
VisualStudioVersion = 17.1.32328.378
MinimumVisualStudioVersion = 10.0.40219.1
Project("{FAE04EC0-301F-11D3-BF4B-00C04F79EFBC}") = "BtDiemDanh_10_5", "BtDiemDanh_10_5\BtDiemDanh_10_5.csproj", "{04B54DBF-645F-4737-9E8F-4F9E91033364}"
EndProject
Global
	GlobalSection(SolutionConfigurationPlatforms) = preSolution
		Debug|Any CPU = Debug|Any CPU
		Release|Any CPU = Release|Any CPU
	EndGlobalSection
	GlobalSection(ProjectConfigurationPlatforms) = postSolution
		{04B54DBF-645F-4737-9E8F-4F9E91033364}.Debug|Any CPU.ActiveCfg = Debug|Any CPU
		{04B54DBF-645F-4737-9E8F-4F9E91033364}.Debug|Any CPU.Build.0 = Debug|Any CPU
		{04B54DBF-645F-4737-9E8F-4F9E91033364}.Release|Any CPU.ActiveCfg = Release|Any CPU
		{04B54DBF-645F-4737-9E8F-4F9E91033364}.Release|Any CPU.Build.0 = Release|Any CPU
	EndGlobalSection
	GlobalSection(SolutionProperties) = preSolution
		HideSolutionNode = FALSE
	EndGlobalSection
	GlobalSection(ExtensibilityGlobals) = postSolution
		SolutionGuid = {5E8F0F07-E445-49A5-A605-1CA3CEF787C8}
	EndGlobalSection
EndGlobal
